
Microsoft Visual Studio Solution File, Format Version 12.00
# Visual Studio Version 17
VisualStudioVersion = 17.14.36518.9 d17.14
MinimumVisualStudioVersion = 10.0.40219.1
Project("{FAE04EC0-301F-11D3-BF4B-00C04F79EFBC}") = "StoreProgram", "StoreProgram.csproj", "{CA2B2D7E-8895-409E-979E-812347F225A2}"
EndProject
Global
	GlobalSection(SolutionConfigurationPlatforms) = preSolution
		Debug|Any CPU = Debug|Any CPU
		Release|Any CPU = Release|Any CPU
	EndGlobalSection
	GlobalSection(ProjectConfigurationPlatforms) = postSolution
		{CA2B2D7E-8895-409E-979E-812347F225A2}.Debug|Any CPU.ActiveCfg = Debug|Any CPU
		{CA2B2D7E-8895-409E-979E-812347F225A2}.Debug|Any CPU.Build.0 = Debug|Any CPU
		{CA2B2D7E-8895-409E-979E-812347F225A2}.Release|Any CPU.ActiveCfg = Release|Any CPU
		{CA2B2D7E-8895-409E-979E-812347F225A2}.Release|Any CPU.Build.0 = Release|Any CPU
	EndGlobalSection
	GlobalSection(SolutionProperties) = preSolution
		HideSolutionNode = FALSE
	EndGlobalSection
	GlobalSection(ExtensibilityGlobals) = postSolution
		SolutionGuid = {A21BF962-6AA7-45C8-A2F9-BCE2AE560CB5}
	EndGlobalSection
EndGlobal
